{
  "name": "test",
  "version": "1.0.0",
  "lockfileVersion": 1,
  "requires": true,
  "dependencies": {
    "loadsh": {
      "version": "0.0.4",
      "resolved": "https://registry.npmjs.org/loadsh/-/loadsh-0.0.4.tgz",
      "integrity": "sha512-U+wLL8InpfRalWrr+0SuhWgGt10M4OyAk6G8xCYo2rwpiHtxZkWiFpjei0vO463ghW8LPCdhqQxXlMy2qicAEw=="
    },
    "node-package-cshs": {
      "version": "1.0.0",
      "resolved": "https://registry.npmjs.org/node-package-cshs/-/node-package-cshs-1.0.0.tgz",
      "integrity": "sha512-fppnHqipP79R7PSLt6iejsKKmYk4H8AyAlHjsSygutu+cCMJAHVog1Jmzu24VuKIukHZGhFFqSabKUGkJTGA+Q==",
      "requires": {
        "loadsh": "0.0.4"
      }
    },
    "node-package-lechen": {
      "version": "2.0.0",
      "resolved": "https://registry.npmjs.org/node-package-lechen/-/node-package-lechen-2.0.0.tgz",
      "integrity": "sha512-vYSDw0M6QF5rXbXN36IM9RknNtStG7ZHyvxuMQ97gcmquCLFz9yCNQQ91TjR8WzPAAlmFEYaQg4Kd3OuMoMs4w==",
      "dev": true,
      "requires": {
        "loadsh": "0.0.4"
      }
    }
  }
}
